// !$*UTF8*$!
{
	archiveVersion = 1;
	classes = {
	};
	objectVersion = 56;
	objects = {

/* Begin PBXBuildFile section */
		48936A5E2B9273D000C31A44 /* RecipesViewCell.swift in Sources */ = {isa = PBXBuildFile; fileRef = 48936A5D2B9273D000C31A44 /* RecipesViewCell.swift */; };
		BA0753DE2B9089F300C11B3B /* VoidHandler.swift in Sources */ = {isa = PBXBuildFile; fileRef = BA0753DD2B9089F300C11B3B /* VoidHandler.swift */; };
		BA43C16C2B90EE600083A0DD /* RecipesInfo.swift in Sources */ = {isa = PBXBuildFile; fileRef = BA43C16B2B90EE600083A0DD /* RecipesInfo.swift */; };
		BA43C16E2B9106A90083A0DD /* UIView + Extension.swift in Sources */ = {isa = PBXBuildFile; fileRef = BA43C16D2B9106A90083A0DD /* UIView + Extension.swift */; };
		BA43C1712B910A1A0083A0DD /* CategoryViewController.swift in Sources */ = {isa = PBXBuildFile; fileRef = BA43C1702B910A1A0083A0DD /* CategoryViewController.swift */; };
		BA4B7D012B97B94300C8BB17 /* EmptyCell.swift in Sources */ = {isa = PBXBuildFile; fileRef = BA4B7D002B97B94300C8BB17 /* EmptyCell.swift */; };
		BA552C8C2B8DCA780027E2AB /* AppBuilder.swift in Sources */ = {isa = PBXBuildFile; fileRef = BA552C8B2B8DCA780027E2AB /* AppBuilder.swift */; };
		BA5C8F252B90D285006F102B /* CategoriesCell.swift in Sources */ = {isa = PBXBuildFile; fileRef = BA5C8F242B90D285006F102B /* CategoriesCell.swift */; };
		BA5D54D12B8CC988000F1BEE /* AppDelegate.swift in Sources */ = {isa = PBXBuildFile; fileRef = BA5D54D02B8CC988000F1BEE /* AppDelegate.swift */; };
		BA5D54D32B8CC988000F1BEE /* SceneDelegate.swift in Sources */ = {isa = PBXBuildFile; fileRef = BA5D54D22B8CC988000F1BEE /* SceneDelegate.swift */; };
		BA5D54D52B8CC988000F1BEE /* LoginViewController.swift in Sources */ = {isa = PBXBuildFile; fileRef = BA5D54D42B8CC988000F1BEE /* LoginViewController.swift */; };
		BA5D54DA2B8CC989000F1BEE /* Assets.xcassets in Resources */ = {isa = PBXBuildFile; fileRef = BA5D54D92B8CC989000F1BEE /* Assets.xcassets */; };
		BA5D54DD2B8CC989000F1BEE /* LaunchScreen.storyboard in Resources */ = {isa = PBXBuildFile; fileRef = BA5D54DB2B8CC989000F1BEE /* LaunchScreen.storyboard */; };
		BA5EC4672B9BA37A00C57A88 /* ImagePicker.swift in Sources */ = {isa = PBXBuildFile; fileRef = BA5EC4662B9BA37A00C57A88 /* ImagePicker.swift */; };
		BA6EBCA22B8E1ACD00862E67 /* BaseCoordinator.swift in Sources */ = {isa = PBXBuildFile; fileRef = BA6EBCA12B8E1ACD00862E67 /* BaseCoordinator.swift */; };
		BA6EBCA62B8E255F00862E67 /* AppCoordinator.swift in Sources */ = {isa = PBXBuildFile; fileRef = BA6EBCA52B8E255F00862E67 /* AppCoordinator.swift */; };
		BA6EBCAA2B8E281F00862E67 /* LoginCoordinator.swift in Sources */ = {isa = PBXBuildFile; fileRef = BA6EBCA92B8E281F00862E67 /* LoginCoordinator.swift */; };
		BA6EBCAC2B8E2AAA00862E67 /* RecipesCoordinator.swift in Sources */ = {isa = PBXBuildFile; fileRef = BA6EBCAB2B8E2AAA00862E67 /* RecipesCoordinator.swift */; };
		BA6EBCAE2B8E2AEE00862E67 /* FavoritesCoordinator.swift in Sources */ = {isa = PBXBuildFile; fileRef = BA6EBCAD2B8E2AEE00862E67 /* FavoritesCoordinator.swift */; };
		BA6EBCB02B8E2B8200862E67 /* ProfileCoordinator.swift in Sources */ = {isa = PBXBuildFile; fileRef = BA6EBCAF2B8E2B8200862E67 /* ProfileCoordinator.swift */; };
		BA6EBCB32B8E483300862E67 /* AvatarCell.swift in Sources */ = {isa = PBXBuildFile; fileRef = BA6EBCB22B8E483300862E67 /* AvatarCell.swift */; };
		BA6EBCB52B8E4AAC00862E67 /* UserNameCell.swift in Sources */ = {isa = PBXBuildFile; fileRef = BA6EBCB42B8E4AAC00862E67 /* UserNameCell.swift */; };
		BA6EBCB72B8E4AE600862E67 /* ControlPanelCell.swift in Sources */ = {isa = PBXBuildFile; fileRef = BA6EBCB62B8E4AE600862E67 /* ControlPanelCell.swift */; };
		BA733F032B8F1009002C31BB /* BonusesViewController.swift in Sources */ = {isa = PBXBuildFile; fileRef = BA733F022B8F1009002C31BB /* BonusesViewController.swift */; };
		BA733F052B8F4182002C31BB /* UserInfo.swift in Sources */ = {isa = PBXBuildFile; fileRef = BA733F042B8F4182002C31BB /* UserInfo.swift */; };
		BA733F072B8F41C1002C31BB /* ProfileInfo.swift in Sources */ = {isa = PBXBuildFile; fileRef = BA733F062B8F41C1002C31BB /* ProfileInfo.swift */; };
		BA81A4092B9B6246000175D3 /* LoginOriginator.swift in Sources */ = {isa = PBXBuildFile; fileRef = BA81A4082B9B6246000175D3 /* LoginOriginator.swift */; };
		BA81A40B2B9B6268000175D3 /* LoginCaretaker.swift in Sources */ = {isa = PBXBuildFile; fileRef = BA81A40A2B9B6268000175D3 /* LoginCaretaker.swift */; };
		BA81A40D2B9B697E000175D3 /* LoginMemento.swift in Sources */ = {isa = PBXBuildFile; fileRef = BA81A40C2B9B697E000175D3 /* LoginMemento.swift */; };
		BA95EB6E2B8D06E700B22C15 /* Login.swift in Sources */ = {isa = PBXBuildFile; fileRef = BA95EB6D2B8D06E700B22C15 /* Login.swift */; };
		BA95EB712B8D073600B22C15 /* LoginPresenter.swift in Sources */ = {isa = PBXBuildFile; fileRef = BA95EB702B8D073600B22C15 /* LoginPresenter.swift */; };
		BA95EB762B8D07F500B22C15 /* RecipesViewController.swift in Sources */ = {isa = PBXBuildFile; fileRef = BA95EB752B8D07F500B22C15 /* RecipesViewController.swift */; };
		BA95EB782B8D083300B22C15 /* Recipes.swift in Sources */ = {isa = PBXBuildFile; fileRef = BA95EB772B8D083300B22C15 /* Recipes.swift */; };
		BA95EB7A2B8D087200B22C15 /* RecipesPresenter.swift in Sources */ = {isa = PBXBuildFile; fileRef = BA95EB792B8D087200B22C15 /* RecipesPresenter.swift */; };
		BA95EB7F2B8D08F900B22C15 /* FavoritesViewController.swift in Sources */ = {isa = PBXBuildFile; fileRef = BA95EB7E2B8D08F900B22C15 /* FavoritesViewController.swift */; };
		BA95EB822B8D095600B22C15 /* Favorites.swift in Sources */ = {isa = PBXBuildFile; fileRef = BA95EB812B8D095600B22C15 /* Favorites.swift */; };
		BA95EB862B8D098B00B22C15 /* FavoritesPresenter.swift in Sources */ = {isa = PBXBuildFile; fileRef = BA95EB852B8D098B00B22C15 /* FavoritesPresenter.swift */; };
		BA95EB8B2B8D0AC500B22C15 /* ProfileViewController.swift in Sources */ = {isa = PBXBuildFile; fileRef = BA95EB8A2B8D0AC500B22C15 /* ProfileViewController.swift */; };
		BA95EB8E2B8D0B2600B22C15 /* Profile.swift in Sources */ = {isa = PBXBuildFile; fileRef = BA95EB8D2B8D0B2600B22C15 /* Profile.swift */; };
		BA95EB902B8D0B7900B22C15 /* ProfilePresenter.swift in Sources */ = {isa = PBXBuildFile; fileRef = BA95EB8F2B8D0B7900B22C15 /* ProfilePresenter.swift */; };
		BAAA373C2B9141AE00866A97 /* CategoryPresent.swift in Sources */ = {isa = PBXBuildFile; fileRef = BAAA373B2B9141AE00866A97 /* CategoryPresent.swift */; };
		BACB1AF02B9850EC00BD5177 /* StateShimer.swift in Sources */ = {isa = PBXBuildFile; fileRef = BACB1AEF2B9850EC00BD5177 /* StateShimer.swift */; };
		BACB1AFC2B9858F400BD5177 /* RecipesStorage.swift in Sources */ = {isa = PBXBuildFile; fileRef = BACB1AFB2B9858F400BD5177 /* RecipesStorage.swift */; };
		BACB1AFE2B98596900BD5177 /* UITableView + Extension.swift in Sources */ = {isa = PBXBuildFile; fileRef = BACB1AFD2B98596900BD5177 /* UITableView + Extension.swift */; };
		BAD610FA2B975A8300F5E877 /* TermsOfConfidentialityViewController.swift in Sources */ = {isa = PBXBuildFile; fileRef = BAD610F92B975A8300F5E877 /* TermsOfConfidentialityViewController.swift */; };
		BAD610FC2B976FF300F5E877 /* UIColor + Extension.swift in Sources */ = {isa = PBXBuildFile; fileRef = BAD610FB2B976FF300F5E877 /* UIColor + Extension.swift */; };
		BAD7CA462B8FAB52000B7DEF /* BonusesPresenter.swift in Sources */ = {isa = PBXBuildFile; fileRef = BAD7CA452B8FAB52000B7DEF /* BonusesPresenter.swift */; };
		BAEC14382B93B1AA00E9B64F /* DetailRecipesViewController.swift in Sources */ = {isa = PBXBuildFile; fileRef = BAEC14372B93B1AA00E9B64F /* DetailRecipesViewController.swift */; };
		BAEC143A2B93B5BF00E9B64F /* DetailRecipesPresenter.swift in Sources */ = {isa = PBXBuildFile; fileRef = BAEC14392B93B5BF00E9B64F /* DetailRecipesPresenter.swift */; };
		BAEC14422B93D14300E9B64F /* PictureOfDishCell.swift in Sources */ = {isa = PBXBuildFile; fileRef = BAEC14412B93D14300E9B64F /* PictureOfDishCell.swift */; };
		BAEC14442B93D17400E9B64F /* CalorieCell.swift in Sources */ = {isa = PBXBuildFile; fileRef = BAEC14432B93D17400E9B64F /* CalorieCell.swift */; };
		BAEC14462B93D1C100E9B64F /* RecipeDescriptionCell.swift in Sources */ = {isa = PBXBuildFile; fileRef = BAEC14452B93D1C100E9B64F /* RecipeDescriptionCell.swift */; };
		BAEC14492B93DA6400E9B64F /* DescriptionInformation.swift in Sources */ = {isa = PBXBuildFile; fileRef = BAEC14482B93DA6400E9B64F /* DescriptionInformation.swift */; };
		BAEC144B2B93DB0500E9B64F /* Description.swift in Sources */ = {isa = PBXBuildFile; fileRef = BAEC144A2B93DB0500E9B64F /* Description.swift */; };
		BAF9929C2B98DF39009B37C2 /* ScreenState.swift in Sources */ = {isa = PBXBuildFile; fileRef = BAF9929B2B98DF39009B37C2 /* ScreenState.swift */; };
		BAFE21842B9CBBCD00ECB303 /* UserImageMemento.swift in Sources */ = {isa = PBXBuildFile; fileRef = BAFE21832B9CBBCD00ECB303 /* UserImageMemento.swift */; };
		BAFE21862B9CBC2B00ECB303 /* UserImageOriginator.swift in Sources */ = {isa = PBXBuildFile; fileRef = BAFE21852B9CBC2B00ECB303 /* UserImageOriginator.swift */; };
		BAFE21882B9CC20E00ECB303 /* UserImageCaretaker.swift in Sources */ = {isa = PBXBuildFile; fileRef = BAFE21872B9CC20E00ECB303 /* UserImageCaretaker.swift */; };
		BAFE218B2B9CD32C00ECB303 /* UserNameMemento.swift in Sources */ = {isa = PBXBuildFile; fileRef = BAFE218A2B9CD32C00ECB303 /* UserNameMemento.swift */; };
		BAFE218D2B9CD39A00ECB303 /* UserNameOriginator.swift in Sources */ = {isa = PBXBuildFile; fileRef = BAFE218C2B9CD39A00ECB303 /* UserNameOriginator.swift */; };
		BAFE218F2B9CD43C00ECB303 /* UserNameCaretaker.swift in Sources */ = {isa = PBXBuildFile; fileRef = BAFE218E2B9CD43C00ECB303 /* UserNameCaretaker.swift */; };
/* End PBXBuildFile section */

/* Begin PBXFileReference section */
		48936A5D2B9273D000C31A44 /* RecipesViewCell.swift */ = {isa = PBXFileReference; lastKnownFileType = sourcecode.swift; path = RecipesViewCell.swift; sourceTree = "<group>"; };
		BA0753DD2B9089F300C11B3B /* VoidHandler.swift */ = {isa = PBXFileReference; lastKnownFileType = sourcecode.swift; path = VoidHandler.swift; sourceTree = "<group>"; };
		BA43C16B2B90EE600083A0DD /* RecipesInfo.swift */ = {isa = PBXFileReference; lastKnownFileType = sourcecode.swift; path = RecipesInfo.swift; sourceTree = "<group>"; };
		BA43C16D2B9106A90083A0DD /* UIView + Extension.swift */ = {isa = PBXFileReference; lastKnownFileType = sourcecode.swift; path = "UIView + Extension.swift"; sourceTree = "<group>"; };
		BA43C1702B910A1A0083A0DD /* CategoryViewController.swift */ = {isa = PBXFileReference; lastKnownFileType = sourcecode.swift; path = CategoryViewController.swift; sourceTree = "<group>"; };
		BA4B7D002B97B94300C8BB17 /* EmptyCell.swift */ = {isa = PBXFileReference; lastKnownFileType = sourcecode.swift; path = EmptyCell.swift; sourceTree = "<group>"; };
		BA552C8B2B8DCA780027E2AB /* AppBuilder.swift */ = {isa = PBXFileReference; lastKnownFileType = sourcecode.swift; path = AppBuilder.swift; sourceTree = "<group>"; };
		BA5C8F242B90D285006F102B /* CategoriesCell.swift */ = {isa = PBXFileReference; lastKnownFileType = sourcecode.swift; path = CategoriesCell.swift; sourceTree = "<group>"; };
		BA5D54CD2B8CC988000F1BEE /* RecipesAppTeamPlate.app */ = {isa = PBXFileReference; explicitFileType = wrapper.application; includeInIndex = 0; path = RecipesAppTeamPlate.app; sourceTree = BUILT_PRODUCTS_DIR; };
		BA5D54D02B8CC988000F1BEE /* AppDelegate.swift */ = {isa = PBXFileReference; lastKnownFileType = sourcecode.swift; path = AppDelegate.swift; sourceTree = "<group>"; };
		BA5D54D22B8CC988000F1BEE /* SceneDelegate.swift */ = {isa = PBXFileReference; lastKnownFileType = sourcecode.swift; path = SceneDelegate.swift; sourceTree = "<group>"; };
		BA5D54D42B8CC988000F1BEE /* LoginViewController.swift */ = {isa = PBXFileReference; lastKnownFileType = sourcecode.swift; path = LoginViewController.swift; sourceTree = "<group>"; };
		BA5D54D92B8CC989000F1BEE /* Assets.xcassets */ = {isa = PBXFileReference; lastKnownFileType = folder.assetcatalog; path = Assets.xcassets; sourceTree = "<group>"; };
		BA5D54DC2B8CC989000F1BEE /* Base */ = {isa = PBXFileReference; lastKnownFileType = file.storyboard; name = Base; path = Base.lproj/LaunchScreen.storyboard; sourceTree = "<group>"; };
		BA5D54DE2B8CC989000F1BEE /* Info.plist */ = {isa = PBXFileReference; lastKnownFileType = text.plist.xml; path = Info.plist; sourceTree = "<group>"; };
		BA5EC4662B9BA37A00C57A88 /* ImagePicker.swift */ = {isa = PBXFileReference; lastKnownFileType = sourcecode.swift; path = ImagePicker.swift; sourceTree = "<group>"; };
		BA6EBCA12B8E1ACD00862E67 /* BaseCoordinator.swift */ = {isa = PBXFileReference; lastKnownFileType = sourcecode.swift; path = BaseCoordinator.swift; sourceTree = "<group>"; };
		BA6EBCA52B8E255F00862E67 /* AppCoordinator.swift */ = {isa = PBXFileReference; lastKnownFileType = sourcecode.swift; path = AppCoordinator.swift; sourceTree = "<group>"; };
		BA6EBCA92B8E281F00862E67 /* LoginCoordinator.swift */ = {isa = PBXFileReference; lastKnownFileType = sourcecode.swift; path = LoginCoordinator.swift; sourceTree = "<group>"; };
		BA6EBCAB2B8E2AAA00862E67 /* RecipesCoordinator.swift */ = {isa = PBXFileReference; lastKnownFileType = sourcecode.swift; path = RecipesCoordinator.swift; sourceTree = "<group>"; };
		BA6EBCAD2B8E2AEE00862E67 /* FavoritesCoordinator.swift */ = {isa = PBXFileReference; lastKnownFileType = sourcecode.swift; path = FavoritesCoordinator.swift; sourceTree = "<group>"; };
		BA6EBCAF2B8E2B8200862E67 /* ProfileCoordinator.swift */ = {isa = PBXFileReference; lastKnownFileType = sourcecode.swift; path = ProfileCoordinator.swift; sourceTree = "<group>"; };
		BA6EBCB22B8E483300862E67 /* AvatarCell.swift */ = {isa = PBXFileReference; lastKnownFileType = sourcecode.swift; path = AvatarCell.swift; sourceTree = "<group>"; };
		BA6EBCB42B8E4AAC00862E67 /* UserNameCell.swift */ = {isa = PBXFileReference; lastKnownFileType = sourcecode.swift; path = UserNameCell.swift; sourceTree = "<group>"; };
		BA6EBCB62B8E4AE600862E67 /* ControlPanelCell.swift */ = {isa = PBXFileReference; lastKnownFileType = sourcecode.swift; path = ControlPanelCell.swift; sourceTree = "<group>"; };
		BA733F022B8F1009002C31BB /* BonusesViewController.swift */ = {isa = PBXFileReference; lastKnownFileType = sourcecode.swift; path = BonusesViewController.swift; sourceTree = "<group>"; };
		BA733F042B8F4182002C31BB /* UserInfo.swift */ = {isa = PBXFileReference; lastKnownFileType = sourcecode.swift; path = UserInfo.swift; sourceTree = "<group>"; };
		BA733F062B8F41C1002C31BB /* ProfileInfo.swift */ = {isa = PBXFileReference; lastKnownFileType = sourcecode.swift; path = ProfileInfo.swift; sourceTree = "<group>"; };
		BA81A4082B9B6246000175D3 /* LoginOriginator.swift */ = {isa = PBXFileReference; lastKnownFileType = sourcecode.swift; path = LoginOriginator.swift; sourceTree = "<group>"; };
		BA81A40A2B9B6268000175D3 /* LoginCaretaker.swift */ = {isa = PBXFileReference; lastKnownFileType = sourcecode.swift; path = LoginCaretaker.swift; sourceTree = "<group>"; };
		BA81A40C2B9B697E000175D3 /* LoginMemento.swift */ = {isa = PBXFileReference; lastKnownFileType = sourcecode.swift; path = LoginMemento.swift; sourceTree = "<group>"; };
		BA95EB6D2B8D06E700B22C15 /* Login.swift */ = {isa = PBXFileReference; lastKnownFileType = sourcecode.swift; path = Login.swift; sourceTree = "<group>"; };
		BA95EB702B8D073600B22C15 /* LoginPresenter.swift */ = {isa = PBXFileReference; lastKnownFileType = sourcecode.swift; path = LoginPresenter.swift; sourceTree = "<group>"; };
		BA95EB752B8D07F500B22C15 /* RecipesViewController.swift */ = {isa = PBXFileReference; lastKnownFileType = sourcecode.swift; path = RecipesViewController.swift; sourceTree = "<group>"; };
		BA95EB772B8D083300B22C15 /* Recipes.swift */ = {isa = PBXFileReference; lastKnownFileType = sourcecode.swift; path = Recipes.swift; sourceTree = "<group>"; };
		BA95EB792B8D087200B22C15 /* RecipesPresenter.swift */ = {isa = PBXFileReference; lastKnownFileType = sourcecode.swift; path = RecipesPresenter.swift; sourceTree = "<group>"; };
		BA95EB7E2B8D08F900B22C15 /* FavoritesViewController.swift */ = {isa = PBXFileReference; lastKnownFileType = sourcecode.swift; path = FavoritesViewController.swift; sourceTree = "<group>"; };
		BA95EB812B8D095600B22C15 /* Favorites.swift */ = {isa = PBXFileReference; lastKnownFileType = sourcecode.swift; path = Favorites.swift; sourceTree = "<group>"; };
		BA95EB852B8D098B00B22C15 /* FavoritesPresenter.swift */ = {isa = PBXFileReference; lastKnownFileType = sourcecode.swift; path = FavoritesPresenter.swift; sourceTree = "<group>"; };
		BA95EB8A2B8D0AC500B22C15 /* ProfileViewController.swift */ = {isa = PBXFileReference; lastKnownFileType = sourcecode.swift; path = ProfileViewController.swift; sourceTree = "<group>"; };
		BA95EB8D2B8D0B2600B22C15 /* Profile.swift */ = {isa = PBXFileReference; lastKnownFileType = sourcecode.swift; path = Profile.swift; sourceTree = "<group>"; };
		BA95EB8F2B8D0B7900B22C15 /* ProfilePresenter.swift */ = {isa = PBXFileReference; lastKnownFileType = sourcecode.swift; path = ProfilePresenter.swift; sourceTree = "<group>"; };
		BAAA373B2B9141AE00866A97 /* CategoryPresent.swift */ = {isa = PBXFileReference; lastKnownFileType = sourcecode.swift; path = CategoryPresent.swift; sourceTree = "<group>"; };
		BACB1AEF2B9850EC00BD5177 /* StateShimer.swift */ = {isa = PBXFileReference; lastKnownFileType = sourcecode.swift; path = StateShimer.swift; sourceTree = "<group>"; };
		BACB1AFB2B9858F400BD5177 /* RecipesStorage.swift */ = {isa = PBXFileReference; lastKnownFileType = sourcecode.swift; path = RecipesStorage.swift; sourceTree = "<group>"; };
		BACB1AFD2B98596900BD5177 /* UITableView + Extension.swift */ = {isa = PBXFileReference; lastKnownFileType = sourcecode.swift; path = "UITableView + Extension.swift"; sourceTree = "<group>"; };
		BAD610F92B975A8300F5E877 /* TermsOfConfidentialityViewController.swift */ = {isa = PBXFileReference; lastKnownFileType = sourcecode.swift; path = TermsOfConfidentialityViewController.swift; sourceTree = "<group>"; };
		BAD610FB2B976FF300F5E877 /* UIColor + Extension.swift */ = {isa = PBXFileReference; lastKnownFileType = sourcecode.swift; path = "UIColor + Extension.swift"; sourceTree = "<group>"; };
		BAD7CA452B8FAB52000B7DEF /* BonusesPresenter.swift */ = {isa = PBXFileReference; lastKnownFileType = sourcecode.swift; path = BonusesPresenter.swift; sourceTree = "<group>"; };
		BAEC14372B93B1AA00E9B64F /* DetailRecipesViewController.swift */ = {isa = PBXFileReference; lastKnownFileType = sourcecode.swift; path = DetailRecipesViewController.swift; sourceTree = "<group>"; };
		BAEC14392B93B5BF00E9B64F /* DetailRecipesPresenter.swift */ = {isa = PBXFileReference; lastKnownFileType = sourcecode.swift; path = DetailRecipesPresenter.swift; sourceTree = "<group>"; };
		BAEC14412B93D14300E9B64F /* PictureOfDishCell.swift */ = {isa = PBXFileReference; lastKnownFileType = sourcecode.swift; path = PictureOfDishCell.swift; sourceTree = "<group>"; };
		BAEC14432B93D17400E9B64F /* CalorieCell.swift */ = {isa = PBXFileReference; lastKnownFileType = sourcecode.swift; path = CalorieCell.swift; sourceTree = "<group>"; };
		BAEC14452B93D1C100E9B64F /* RecipeDescriptionCell.swift */ = {isa = PBXFileReference; lastKnownFileType = sourcecode.swift; path = RecipeDescriptionCell.swift; sourceTree = "<group>"; };
		BAEC14482B93DA6400E9B64F /* DescriptionInformation.swift */ = {isa = PBXFileReference; lastKnownFileType = sourcecode.swift; path = DescriptionInformation.swift; sourceTree = "<group>"; };
		BAEC144A2B93DB0500E9B64F /* Description.swift */ = {isa = PBXFileReference; lastKnownFileType = sourcecode.swift; path = Description.swift; sourceTree = "<group>"; };
		BAF9929B2B98DF39009B37C2 /* ScreenState.swift */ = {isa = PBXFileReference; lastKnownFileType = sourcecode.swift; path = ScreenState.swift; sourceTree = "<group>"; };
		BAFE21832B9CBBCD00ECB303 /* UserImageMemento.swift */ = {isa = PBXFileReference; lastKnownFileType = sourcecode.swift; path = UserImageMemento.swift; sourceTree = "<group>"; };
		BAFE21852B9CBC2B00ECB303 /* UserImageOriginator.swift */ = {isa = PBXFileReference; lastKnownFileType = sourcecode.swift; path = UserImageOriginator.swift; sourceTree = "<group>"; };
		BAFE21872B9CC20E00ECB303 /* UserImageCaretaker.swift */ = {isa = PBXFileReference; lastKnownFileType = sourcecode.swift; path = UserImageCaretaker.swift; sourceTree = "<group>"; };
		BAFE218A2B9CD32C00ECB303 /* UserNameMemento.swift */ = {isa = PBXFileReference; lastKnownFileType = sourcecode.swift; path = UserNameMemento.swift; sourceTree = "<group>"; };
		BAFE218C2B9CD39A00ECB303 /* UserNameOriginator.swift */ = {isa = PBXFileReference; lastKnownFileType = sourcecode.swift; path = UserNameOriginator.swift; sourceTree = "<group>"; };
		BAFE218E2B9CD43C00ECB303 /* UserNameCaretaker.swift */ = {isa = PBXFileReference; lastKnownFileType = sourcecode.swift; path = UserNameCaretaker.swift; sourceTree = "<group>"; };
/* End PBXFileReference section */

/* Begin PBXFrameworksBuildPhase section */
		BA5D54CA2B8CC987000F1BEE /* Frameworks */ = {
			isa = PBXFrameworksBuildPhase;
			buildActionMask = 2147483647;
			files = (
			);
			runOnlyForDeploymentPostprocessing = 0;
		};
/* End PBXFrameworksBuildPhase section */

/* Begin PBXGroup section */
		BA33C0662B99E7FB007D9B15 /* Service */ = {
			isa = PBXGroup;
			children = (
				BAFE21892B9CD2FF00ECB303 /* UserNameServiceMemento */,
				BAFE21822B9CBB2400ECB303 /* UserImageServiceMemento */,
				BA81A4072B9B61C3000175D3 /* LoginServiceMemento */,
			);
			path = Service;
			sourceTree = "<group>";
		};
		BA43C16F2B9106CB0083A0DD /* Extension */ = {
			isa = PBXGroup;
			children = (
				BA43C16D2B9106A90083A0DD /* UIView + Extension.swift */,
				BAD610FB2B976FF300F5E877 /* UIColor + Extension.swift */,
				BACB1AFD2B98596900BD5177 /* UITableView + Extension.swift */,
			);
			path = Extension;
			sourceTree = "<group>";
		};
		BA5C8F232B90D21D006F102B /* Cells */ = {
			isa = PBXGroup;
			children = (
				BA5C8F242B90D285006F102B /* CategoriesCell.swift */,
				48936A5D2B9273D000C31A44 /* RecipesViewCell.swift */,
				BA4B7D002B97B94300C8BB17 /* EmptyCell.swift */,
			);
			path = Cells;
			sourceTree = "<group>";
		};
		BA5D54C42B8CC987000F1BEE = {
			isa = PBXGroup;
			children = (
				BA5D54CF2B8CC988000F1BEE /* RecipesAppTeamPlate */,
				BA5D54CE2B8CC988000F1BEE /* Products */,
			);
			sourceTree = "<group>";
		};
		BA5D54CE2B8CC988000F1BEE /* Products */ = {
			isa = PBXGroup;
			children = (
				BA5D54CD2B8CC988000F1BEE /* RecipesAppTeamPlate.app */,
			);
			name = Products;
			sourceTree = "<group>";
		};
		BA5D54CF2B8CC988000F1BEE /* RecipesAppTeamPlate */ = {
			isa = PBXGroup;
			children = (
				BA5D54D02B8CC988000F1BEE /* AppDelegate.swift */,
				BA5D54D22B8CC988000F1BEE /* SceneDelegate.swift */,
				BA552C8B2B8DCA780027E2AB /* AppBuilder.swift */,
				BA0753DD2B9089F300C11B3B /* VoidHandler.swift */,
				BA33C0662B99E7FB007D9B15 /* Service */,
				BA43C16F2B9106CB0083A0DD /* Extension */,
				BA95EB692B8D05B100B22C15 /* LoginModule */,
				BA95EB742B8D07A700B22C15 /* RecipesModule */,
				BA95EB802B8D091700B22C15 /* FavoritesModule */,
				BA95EB8C2B8D0ACD00B22C15 /* ProfileModule */,
				BA6EBCA02B8E1AA000862E67 /* Coordinators */,
				BA5D54D92B8CC989000F1BEE /* Assets.xcassets */,
				BA5D54DB2B8CC989000F1BEE /* LaunchScreen.storyboard */,
				BA5D54DE2B8CC989000F1BEE /* Info.plist */,
			);
			path = RecipesAppTeamPlate;
			sourceTree = "<group>";
		};
		BA6EBCA02B8E1AA000862E67 /* Coordinators */ = {
			isa = PBXGroup;
			children = (
				BA6EBCA12B8E1ACD00862E67 /* BaseCoordinator.swift */,
				BA6EBCA52B8E255F00862E67 /* AppCoordinator.swift */,
				BA6EBCA92B8E281F00862E67 /* LoginCoordinator.swift */,
				BA6EBCAB2B8E2AAA00862E67 /* RecipesCoordinator.swift */,
				BA6EBCAD2B8E2AEE00862E67 /* FavoritesCoordinator.swift */,
				BA6EBCAF2B8E2B8200862E67 /* ProfileCoordinator.swift */,
			);
			path = Coordinators;
			sourceTree = "<group>";
		};
		BA6EBCB12B8E473E00862E67 /* Cells */ = {
			isa = PBXGroup;
			children = (
				BA6EBCB22B8E483300862E67 /* AvatarCell.swift */,
				BA6EBCB42B8E4AAC00862E67 /* UserNameCell.swift */,
				BA6EBCB62B8E4AE600862E67 /* ControlPanelCell.swift */,
			);
			path = Cells;
			sourceTree = "<group>";
		};
		BA81A4072B9B61C3000175D3 /* LoginServiceMemento */ = {
			isa = PBXGroup;
			children = (
				BA81A40C2B9B697E000175D3 /* LoginMemento.swift */,
				BA81A4082B9B6246000175D3 /* LoginOriginator.swift */,
				BA81A40A2B9B6268000175D3 /* LoginCaretaker.swift */,
			);
			path = LoginServiceMemento;
			sourceTree = "<group>";
		};
		BA95EB692B8D05B100B22C15 /* LoginModule */ = {
			isa = PBXGroup;
			children = (
				BA95EB6A2B8D069500B22C15 /* View */,
				BA95EB6F2B8D06EC00B22C15 /* Model */,
				BA95EB722B8D074100B22C15 /* Presenter */,
			);
			path = LoginModule;
			sourceTree = "<group>";
		};
		BA95EB6A2B8D069500B22C15 /* View */ = {
			isa = PBXGroup;
			children = (
				BA5D54D42B8CC988000F1BEE /* LoginViewController.swift */,
			);
			path = View;
			sourceTree = "<group>";
		};
		BA95EB6F2B8D06EC00B22C15 /* Model */ = {
			isa = PBXGroup;
			children = (
				BA95EB6D2B8D06E700B22C15 /* Login.swift */,
			);
			path = Model;
			sourceTree = "<group>";
		};
		BA95EB722B8D074100B22C15 /* Presenter */ = {
			isa = PBXGroup;
			children = (
				BA95EB702B8D073600B22C15 /* LoginPresenter.swift */,
			);
			path = Presenter;
			sourceTree = "<group>";
		};
		BA95EB742B8D07A700B22C15 /* RecipesModule */ = {
			isa = PBXGroup;
			children = (
				BA95EB7B2B8D087D00B22C15 /* View */,
				BA95EB7C2B8D088900B22C15 /* Model */,
				BA95EB7D2B8D089600B22C15 /* Presenter */,
			);
			path = RecipesModule;
			sourceTree = "<group>";
		};
		BA95EB7B2B8D087D00B22C15 /* View */ = {
			isa = PBXGroup;
			children = (
				BA95EB752B8D07F500B22C15 /* RecipesViewController.swift */,
				BA43C1702B910A1A0083A0DD /* CategoryViewController.swift */,
				BA5C8F232B90D21D006F102B /* Cells */,
				BAEC143B2B93CF6B00E9B64F /* DetailRecipesModule */,
			);
			path = View;
			sourceTree = "<group>";
		};
		BA95EB7C2B8D088900B22C15 /* Model */ = {
			isa = PBXGroup;
			children = (
				BACB1AEF2B9850EC00BD5177 /* StateShimer.swift */,
				BA95EB772B8D083300B22C15 /* Recipes.swift */,
				BA43C16B2B90EE600083A0DD /* RecipesInfo.swift */,
				BACB1AFB2B9858F400BD5177 /* RecipesStorage.swift */,
			);
			path = Model;
			sourceTree = "<group>";
		};
		BA95EB7D2B8D089600B22C15 /* Presenter */ = {
			isa = PBXGroup;
			children = (
				BA95EB792B8D087200B22C15 /* RecipesPresenter.swift */,
				BAAA373B2B9141AE00866A97 /* CategoryPresent.swift */,
			);
			path = Presenter;
			sourceTree = "<group>";
		};
		BA95EB802B8D091700B22C15 /* FavoritesModule */ = {
			isa = PBXGroup;
			children = (
				BA95EB872B8D099800B22C15 /* View */,
				BA95EB882B8D099F00B22C15 /* Model */,
				BA95EB892B8D09A500B22C15 /* Presenter */,
			);
			path = FavoritesModule;
			sourceTree = "<group>";
		};
		BA95EB872B8D099800B22C15 /* View */ = {
			isa = PBXGroup;
			children = (
				BA95EB7E2B8D08F900B22C15 /* FavoritesViewController.swift */,
			);
			path = View;
			sourceTree = "<group>";
		};
		BA95EB882B8D099F00B22C15 /* Model */ = {
			isa = PBXGroup;
			children = (
				BA95EB812B8D095600B22C15 /* Favorites.swift */,
			);
			path = Model;
			sourceTree = "<group>";
		};
		BA95EB892B8D09A500B22C15 /* Presenter */ = {
			isa = PBXGroup;
			children = (
				BA95EB852B8D098B00B22C15 /* FavoritesPresenter.swift */,
			);
			path = Presenter;
			sourceTree = "<group>";
		};
		BA95EB8C2B8D0ACD00B22C15 /* ProfileModule */ = {
			isa = PBXGroup;
			children = (
				BA95EB912B8D0BAE00B22C15 /* View */,
				BA95EB922B8D0BE700B22C15 /* Model */,
				BA95EB932B8D0BEF00B22C15 /* Presenter */,
			);
			path = ProfileModule;
			sourceTree = "<group>";
		};
		BA95EB912B8D0BAE00B22C15 /* View */ = {
			isa = PBXGroup;
			children = (
				BA733F022B8F1009002C31BB /* BonusesViewController.swift */,
				BA95EB8A2B8D0AC500B22C15 /* ProfileViewController.swift */,
				BAD610F92B975A8300F5E877 /* TermsOfConfidentialityViewController.swift */,
				BA6EBCB12B8E473E00862E67 /* Cells */,
			);
			path = View;
			sourceTree = "<group>";
		};
		BA95EB922B8D0BE700B22C15 /* Model */ = {
			isa = PBXGroup;
			children = (
				BAF9929B2B98DF39009B37C2 /* ScreenState.swift */,
				BA95EB8D2B8D0B2600B22C15 /* Profile.swift */,
				BA733F062B8F41C1002C31BB /* ProfileInfo.swift */,
				BA733F042B8F4182002C31BB /* UserInfo.swift */,
				BA5EC4662B9BA37A00C57A88 /* ImagePicker.swift */,
			);
			path = Model;
			sourceTree = "<group>";
		};
		BA95EB932B8D0BEF00B22C15 /* Presenter */ = {
			isa = PBXGroup;
			children = (
				BA95EB8F2B8D0B7900B22C15 /* ProfilePresenter.swift */,
				BAD7CA452B8FAB52000B7DEF /* BonusesPresenter.swift */,
			);
			path = Presenter;
			sourceTree = "<group>";
		};
		BAEC143B2B93CF6B00E9B64F /* DetailRecipesModule */ = {
			isa = PBXGroup;
			children = (
				BAEC143C2B93CF9D00E9B64F /* View */,
				BAEC14472B93D9FF00E9B64F /* Model */,
				BAEC14402B93D01300E9B64F /* Presenter */,
			);
			path = DetailRecipesModule;
			sourceTree = "<group>";
		};
		BAEC143C2B93CF9D00E9B64F /* View */ = {
			isa = PBXGroup;
			children = (
				BAEC14372B93B1AA00E9B64F /* DetailRecipesViewController.swift */,
				BAEC143D2B93CFA500E9B64F /* Cells */,
			);
			path = View;
			sourceTree = "<group>";
		};
		BAEC143D2B93CFA500E9B64F /* Cells */ = {
			isa = PBXGroup;
			children = (
				BAEC14412B93D14300E9B64F /* PictureOfDishCell.swift */,
				BAEC14432B93D17400E9B64F /* CalorieCell.swift */,
				BAEC14452B93D1C100E9B64F /* RecipeDescriptionCell.swift */,
			);
			path = Cells;
			sourceTree = "<group>";
		};
		BAEC14402B93D01300E9B64F /* Presenter */ = {
			isa = PBXGroup;
			children = (
				BAEC14392B93B5BF00E9B64F /* DetailRecipesPresenter.swift */,
			);
			path = Presenter;
			sourceTree = "<group>";
		};
		BAEC14472B93D9FF00E9B64F /* Model */ = {
			isa = PBXGroup;
			children = (
				BAEC144A2B93DB0500E9B64F /* Description.swift */,
				BAEC14482B93DA6400E9B64F /* DescriptionInformation.swift */,
			);
			path = Model;
			sourceTree = "<group>";
		};
		BAFE21822B9CBB2400ECB303 /* UserImageServiceMemento */ = {
			isa = PBXGroup;
			children = (
				BAFE21832B9CBBCD00ECB303 /* UserImageMemento.swift */,
				BAFE21852B9CBC2B00ECB303 /* UserImageOriginator.swift */,
				BAFE21872B9CC20E00ECB303 /* UserImageCaretaker.swift */,
			);
			path = UserImageServiceMemento;
			sourceTree = "<group>";
		};
		BAFE21892B9CD2FF00ECB303 /* UserNameServiceMemento */ = {
			isa = PBXGroup;
			children = (
				BAFE218A2B9CD32C00ECB303 /* UserNameMemento.swift */,
				BAFE218C2B9CD39A00ECB303 /* UserNameOriginator.swift */,
				BAFE218E2B9CD43C00ECB303 /* UserNameCaretaker.swift */,
			);
			path = UserNameServiceMemento;
			sourceTree = "<group>";
		};
/* End PBXGroup section */

/* Begin PBXNativeTarget section */
		BA5D54CC2B8CC987000F1BEE /* RecipesAppTeamPlate */ = {
			isa = PBXNativeTarget;
			buildConfigurationList = BA5D54E12B8CC989000F1BEE /* Build configuration list for PBXNativeTarget "RecipesAppTeamPlate" */;
			buildPhases = (
				BA5D54E72B8CCB1B000F1BEE /* Swift Format */,
				BA5D54E52B8CCA27000F1BEE /* Swift Lint */,
				BA5D54C92B8CC987000F1BEE /* Sources */,
				BA5D54CA2B8CC987000F1BEE /* Frameworks */,
				BA5D54CB2B8CC987000F1BEE /* Resources */,
			);
			buildRules = (
			);
			dependencies = (
			);
			name = RecipesAppTeamPlate;
			productName = RecipesAppTeamPlate;
			productReference = BA5D54CD2B8CC988000F1BEE /* RecipesAppTeamPlate.app */;
			productType = "com.apple.product-type.application";
		};
/* End PBXNativeTarget section */

/* Begin PBXProject section */
		BA5D54C52B8CC987000F1BEE /* Project object */ = {
			isa = PBXProject;
			attributes = {
				BuildIndependentTargetsInParallel = 1;
				LastSwiftUpdateCheck = 1520;
				LastUpgradeCheck = 1520;
				TargetAttributes = {
					BA5D54CC2B8CC987000F1BEE = {
						CreatedOnToolsVersion = 15.2;
					};
				};
			};
			buildConfigurationList = BA5D54C82B8CC987000F1BEE /* Build configuration list for PBXProject "RecipesAppTeamPlate" */;
			compatibilityVersion = "Xcode 14.0";
			developmentRegion = en;
			hasScannedForEncodings = 0;
			knownRegions = (
				en,
				Base,
			);
			mainGroup = BA5D54C42B8CC987000F1BEE;
			productRefGroup = BA5D54CE2B8CC988000F1BEE /* Products */;
			projectDirPath = "";
			projectRoot = "";
			targets = (
				BA5D54CC2B8CC987000F1BEE /* RecipesAppTeamPlate */,
			);
		};
/* End PBXProject section */

/* Begin PBXResourcesBuildPhase section */
		BA5D54CB2B8CC987000F1BEE /* Resources */ = {
			isa = PBXResourcesBuildPhase;
			buildActionMask = 2147483647;
			files = (
				BA5D54DD2B8CC989000F1BEE /* LaunchScreen.storyboard in Resources */,
				BA5D54DA2B8CC989000F1BEE /* Assets.xcassets in Resources */,
			);
			runOnlyForDeploymentPostprocessing = 0;
		};
/* End PBXResourcesBuildPhase section */

/* Begin PBXShellScriptBuildPhase section */
		BA5D54E52B8CCA27000F1BEE /* Swift Lint */ = {
			isa = PBXShellScriptBuildPhase;
			alwaysOutOfDate = 1;
			buildActionMask = 2147483647;
			files = (
			);
			inputFileListPaths = (
			);
			inputPaths = (
			);
			name = "Swift Lint";
			outputFileListPaths = (
			);
			outputPaths = (
			);
			runOnlyForDeploymentPostprocessing = 0;
			shellPath = /bin/sh;
			shellScript = "if [[ \"$(uname -m)\" == arm64 ]]; then\n    export PATH=\"/opt/homebrew/bin:$PATH\"\nfi\n\nif which swiftlint > /dev/null; then\n  swiftlint\nelse\n  echo \"warning: SwiftLint not installed, download from https://github.com/realm/SwiftLint\"\nfi\n";
			showEnvVarsInLog = 0;
		};
		BA5D54E72B8CCB1B000F1BEE /* Swift Format */ = {
			isa = PBXShellScriptBuildPhase;
			alwaysOutOfDate = 1;
			buildActionMask = 2147483647;
			files = (
			);
			inputFileListPaths = (
			);
			inputPaths = (
			);
			name = "Swift Format";
			outputFileListPaths = (
			);
			outputPaths = (
			);
			runOnlyForDeploymentPostprocessing = 0;
			shellPath = /bin/sh;
			shellScript = "if [[ \"$(uname -m)\" == arm64 ]]; then\n    export PATH=\"/opt/homebrew/bin:$PATH\"\nfi\n\nif which swiftformat > /dev/null; then\n  swiftformat .\nelse\n  echo \"warning: SwiftFormat not installed, download from https://github.com/nicklockwood/SwiftFormat\"\nfi\n";
			showEnvVarsInLog = 0;
		};
/* End PBXShellScriptBuildPhase section */

/* Begin PBXSourcesBuildPhase section */
		BA5D54C92B8CC987000F1BEE /* Sources */ = {
			isa = PBXSourcesBuildPhase;
			buildActionMask = 2147483647;
			files = (
				BA43C16C2B90EE600083A0DD /* RecipesInfo.swift in Sources */,
				BAFE218B2B9CD32C00ECB303 /* UserNameMemento.swift in Sources */,
				BACB1AFE2B98596900BD5177 /* UITableView + Extension.swift in Sources */,
				BA733F072B8F41C1002C31BB /* ProfileInfo.swift in Sources */,
				BA6EBCB02B8E2B8200862E67 /* ProfileCoordinator.swift in Sources */,
				BAF9929C2B98DF39009B37C2 /* ScreenState.swift in Sources */,
				BA5D54D52B8CC988000F1BEE /* LoginViewController.swift in Sources */,
				BA6EBCAE2B8E2AEE00862E67 /* FavoritesCoordinator.swift in Sources */,
				BA95EB7F2B8D08F900B22C15 /* FavoritesViewController.swift in Sources */,
				BA6EBCA62B8E255F00862E67 /* AppCoordinator.swift in Sources */,
				BAEC14382B93B1AA00E9B64F /* DetailRecipesViewController.swift in Sources */,
				BA6EBCB52B8E4AAC00862E67 /* UserNameCell.swift in Sources */,
				BA733F032B8F1009002C31BB /* BonusesViewController.swift in Sources */,
				BA81A4092B9B6246000175D3 /* LoginOriginator.swift in Sources */,
				BAD7CA462B8FAB52000B7DEF /* BonusesPresenter.swift in Sources */,
				BA6EBCB32B8E483300862E67 /* AvatarCell.swift in Sources */,
				BAEC14442B93D17400E9B64F /* CalorieCell.swift in Sources */,
				BA733F052B8F4182002C31BB /* UserInfo.swift in Sources */,
				BA5D54D12B8CC988000F1BEE /* AppDelegate.swift in Sources */,
				BA95EB8E2B8D0B2600B22C15 /* Profile.swift in Sources */,
				BAFE21842B9CBBCD00ECB303 /* UserImageMemento.swift in Sources */,
				BACB1AFC2B9858F400BD5177 /* RecipesStorage.swift in Sources */,
				BAEC143A2B93B5BF00E9B64F /* DetailRecipesPresenter.swift in Sources */,
				BA81A40D2B9B697E000175D3 /* LoginMemento.swift in Sources */,
				BA95EB862B8D098B00B22C15 /* FavoritesPresenter.swift in Sources */,
				BAEC14462B93D1C100E9B64F /* RecipeDescriptionCell.swift in Sources */,
				BA95EB822B8D095600B22C15 /* Favorites.swift in Sources */,
				48936A5E2B9273D000C31A44 /* RecipesViewCell.swift in Sources */,
				BA5C8F252B90D285006F102B /* CategoriesCell.swift in Sources */,
				BA0753DE2B9089F300C11B3B /* VoidHandler.swift in Sources */,
				BAEC14492B93DA6400E9B64F /* DescriptionInformation.swift in Sources */,
				BAFE218F2B9CD43C00ECB303 /* UserNameCaretaker.swift in Sources */,
				BAEC144B2B93DB0500E9B64F /* Description.swift in Sources */,
				BA95EB782B8D083300B22C15 /* Recipes.swift in Sources */,
				BA95EB8B2B8D0AC500B22C15 /* ProfileViewController.swift in Sources */,
				BA43C16E2B9106A90083A0DD /* UIView + Extension.swift in Sources */,
				BAFE218D2B9CD39A00ECB303 /* UserNameOriginator.swift in Sources */,
				BAAA373C2B9141AE00866A97 /* CategoryPresent.swift in Sources */,
				BACB1AF02B9850EC00BD5177 /* StateShimer.swift in Sources */,
				BA552C8C2B8DCA780027E2AB /* AppBuilder.swift in Sources */,
				BA5D54D32B8CC988000F1BEE /* SceneDelegate.swift in Sources */,
				BA95EB7A2B8D087200B22C15 /* RecipesPresenter.swift in Sources */,
				BA95EB902B8D0B7900B22C15 /* ProfilePresenter.swift in Sources */,
				BA95EB6E2B8D06E700B22C15 /* Login.swift in Sources */,
				BA6EBCB72B8E4AE600862E67 /* ControlPanelCell.swift in Sources */,
				BA6EBCAC2B8E2AAA00862E67 /* RecipesCoordinator.swift in Sources */,
				BA95EB762B8D07F500B22C15 /* RecipesViewController.swift in Sources */,
				BAFE21882B9CC20E00ECB303 /* UserImageCaretaker.swift in Sources */,
				BAD610FC2B976FF300F5E877 /* UIColor + Extension.swift in Sources */,
				BA81A40B2B9B6268000175D3 /* LoginCaretaker.swift in Sources */,
				BAD610FA2B975A8300F5E877 /* TermsOfConfidentialityViewController.swift in Sources */,
				BAEC14422B93D14300E9B64F /* PictureOfDishCell.swift in Sources */,
				BA95EB712B8D073600B22C15 /* LoginPresenter.swift in Sources */,
				BA6EBCA22B8E1ACD00862E67 /* BaseCoordinator.swift in Sources */,
				BA43C1712B910A1A0083A0DD /* CategoryViewController.swift in Sources */,
				BA6EBCAA2B8E281F00862E67 /* LoginCoordinator.swift in Sources */,
				BA5EC4672B9BA37A00C57A88 /* ImagePicker.swift in Sources */,
				BAFE21862B9CBC2B00ECB303 /* UserImageOriginator.swift in Sources */,
				BA4B7D012B97B94300C8BB17 /* EmptyCell.swift in Sources */,
			);
			runOnlyForDeploymentPostprocessing = 0;
		};
/* End PBXSourcesBuildPhase section */

/* Begin PBXVariantGroup section */
		BA5D54DB2B8CC989000F1BEE /* LaunchScreen.storyboard */ = {
			isa = PBXVariantGroup;
			children = (
				BA5D54DC2B8CC989000F1BEE /* Base */,
			);
			name = LaunchScreen.storyboard;
			sourceTree = "<group>";
		};
/* End PBXVariantGroup section */

/* Begin XCBuildConfiguration section */
		BA5D54DF2B8CC989000F1BEE /* Debug */ = {
			isa = XCBuildConfiguration;
			buildSettings = {
				ALWAYS_SEARCH_USER_PATHS = NO;
				ASSETCATALOG_COMPILER_GENERATE_SWIFT_ASSET_SYMBOL_EXTENSIONS = YES;
				CLANG_ANALYZER_NONNULL = YES;
				CLANG_ANALYZER_NUMBER_OBJECT_CONVERSION = YES_AGGRESSIVE;
				CLANG_CXX_LANGUAGE_STANDARD = "gnu++20";
				CLANG_ENABLE_MODULES = YES;
				CLANG_ENABLE_OBJC_ARC = YES;
				CLANG_ENABLE_OBJC_WEAK = YES;
				CLANG_WARN_BLOCK_CAPTURE_AUTORELEASING = YES;
				CLANG_WARN_BOOL_CONVERSION = YES;
				CLANG_WARN_COMMA = YES;
				CLANG_WARN_CONSTANT_CONVERSION = YES;
				CLANG_WARN_DEPRECATED_OBJC_IMPLEMENTATIONS = YES;
				CLANG_WARN_DIRECT_OBJC_ISA_USAGE = YES_ERROR;
				CLANG_WARN_DOCUMENTATION_COMMENTS = YES;
				CLANG_WARN_EMPTY_BODY = YES;
				CLANG_WARN_ENUM_CONVERSION = YES;
				CLANG_WARN_INFINITE_RECURSION = YES;
				CLANG_WARN_INT_CONVERSION = YES;
				CLANG_WARN_NON_LITERAL_NULL_CONVERSION = YES;
				CLANG_WARN_OBJC_IMPLICIT_RETAIN_SELF = YES;
				CLANG_WARN_OBJC_LITERAL_CONVERSION = YES;
				CLANG_WARN_OBJC_ROOT_CLASS = YES_ERROR;
				CLANG_WARN_QUOTED_INCLUDE_IN_FRAMEWORK_HEADER = YES;
				CLANG_WARN_RANGE_LOOP_ANALYSIS = YES;
				CLANG_WARN_STRICT_PROTOTYPES = YES;
				CLANG_WARN_SUSPICIOUS_MOVE = YES;
				CLANG_WARN_UNGUARDED_AVAILABILITY = YES_AGGRESSIVE;
				CLANG_WARN_UNREACHABLE_CODE = YES;
				CLANG_WARN__DUPLICATE_METHOD_MATCH = YES;
				COPY_PHASE_STRIP = NO;
				DEBUG_INFORMATION_FORMAT = dwarf;
				ENABLE_STRICT_OBJC_MSGSEND = YES;
				ENABLE_TESTABILITY = YES;
				ENABLE_USER_SCRIPT_SANDBOXING = YES;
				GCC_C_LANGUAGE_STANDARD = gnu17;
				GCC_DYNAMIC_NO_PIC = NO;
				GCC_NO_COMMON_BLOCKS = YES;
				GCC_OPTIMIZATION_LEVEL = 0;
				GCC_PREPROCESSOR_DEFINITIONS = (
					"DEBUG=1",
					"$(inherited)",
				);
				GCC_WARN_64_TO_32_BIT_CONVERSION = YES;
				GCC_WARN_ABOUT_RETURN_TYPE = YES_ERROR;
				GCC_WARN_UNDECLARED_SELECTOR = YES;
				GCC_WARN_UNINITIALIZED_AUTOS = YES_AGGRESSIVE;
				GCC_WARN_UNUSED_FUNCTION = YES;
				GCC_WARN_UNUSED_VARIABLE = YES;
				IPHONEOS_DEPLOYMENT_TARGET = 17.2;
				LOCALIZATION_PREFERS_STRING_CATALOGS = YES;
				MTL_ENABLE_DEBUG_INFO = INCLUDE_SOURCE;
				MTL_FAST_MATH = YES;
				ONLY_ACTIVE_ARCH = YES;
				SDKROOT = iphoneos;
				SWIFT_ACTIVE_COMPILATION_CONDITIONS = "DEBUG $(inherited)";
				SWIFT_OPTIMIZATION_LEVEL = "-Onone";
			};
			name = Debug;
		};
		BA5D54E02B8CC989000F1BEE /* Release */ = {
			isa = XCBuildConfiguration;
			buildSettings = {
				ALWAYS_SEARCH_USER_PATHS = NO;
				ASSETCATALOG_COMPILER_GENERATE_SWIFT_ASSET_SYMBOL_EXTENSIONS = YES;
				CLANG_ANALYZER_NONNULL = YES;
				CLANG_ANALYZER_NUMBER_OBJECT_CONVERSION = YES_AGGRESSIVE;
				CLANG_CXX_LANGUAGE_STANDARD = "gnu++20";
				CLANG_ENABLE_MODULES = YES;
				CLANG_ENABLE_OBJC_ARC = YES;
				CLANG_ENABLE_OBJC_WEAK = YES;
				CLANG_WARN_BLOCK_CAPTURE_AUTORELEASING = YES;
				CLANG_WARN_BOOL_CONVERSION = YES;
				CLANG_WARN_COMMA = YES;
				CLANG_WARN_CONSTANT_CONVERSION = YES;
				CLANG_WARN_DEPRECATED_OBJC_IMPLEMENTATIONS = YES;
				CLANG_WARN_DIRECT_OBJC_ISA_USAGE = YES_ERROR;
				CLANG_WARN_DOCUMENTATION_COMMENTS = YES;
				CLANG_WARN_EMPTY_BODY = YES;
				CLANG_WARN_ENUM_CONVERSION = YES;
				CLANG_WARN_INFINITE_RECURSION = YES;
				CLANG_WARN_INT_CONVERSION = YES;
				CLANG_WARN_NON_LITERAL_NULL_CONVERSION = YES;
				CLANG_WARN_OBJC_IMPLICIT_RETAIN_SELF = YES;
				CLANG_WARN_OBJC_LITERAL_CONVERSION = YES;
				CLANG_WARN_OBJC_ROOT_CLASS = YES_ERROR;
				CLANG_WARN_QUOTED_INCLUDE_IN_FRAMEWORK_HEADER = YES;
				CLANG_WARN_RANGE_LOOP_ANALYSIS = YES;
				CLANG_WARN_STRICT_PROTOTYPES = YES;
				CLANG_WARN_SUSPICIOUS_MOVE = YES;
				CLANG_WARN_UNGUARDED_AVAILABILITY = YES_AGGRESSIVE;
				CLANG_WARN_UNREACHABLE_CODE = YES;
				CLANG_WARN__DUPLICATE_METHOD_MATCH = YES;
				COPY_PHASE_STRIP = NO;
				DEBUG_INFORMATION_FORMAT = "dwarf-with-dsym";
				ENABLE_NS_ASSERTIONS = NO;
				ENABLE_STRICT_OBJC_MSGSEND = YES;
				ENABLE_USER_SCRIPT_SANDBOXING = YES;
				GCC_C_LANGUAGE_STANDARD = gnu17;
				GCC_NO_COMMON_BLOCKS = YES;
				GCC_WARN_64_TO_32_BIT_CONVERSION = YES;
				GCC_WARN_ABOUT_RETURN_TYPE = YES_ERROR;
				GCC_WARN_UNDECLARED_SELECTOR = YES;
				GCC_WARN_UNINITIALIZED_AUTOS = YES_AGGRESSIVE;
				GCC_WARN_UNUSED_FUNCTION = YES;
				GCC_WARN_UNUSED_VARIABLE = YES;
				IPHONEOS_DEPLOYMENT_TARGET = 17.2;
				LOCALIZATION_PREFERS_STRING_CATALOGS = YES;
				MTL_ENABLE_DEBUG_INFO = NO;
				MTL_FAST_MATH = YES;
				SDKROOT = iphoneos;
				SWIFT_COMPILATION_MODE = wholemodule;
				VALIDATE_PRODUCT = YES;
			};
			name = Release;
		};
		BA5D54E22B8CC989000F1BEE /* Debug */ = {
			isa = XCBuildConfiguration;
			buildSettings = {
				ASSETCATALOG_COMPILER_APPICON_NAME = AppIcon;
				ASSETCATALOG_COMPILER_GLOBAL_ACCENT_COLOR_NAME = AccentColor;
				CODE_SIGN_STYLE = Automatic;
				CURRENT_PROJECT_VERSION = 1;
				ENABLE_USER_SCRIPT_SANDBOXING = NO;
				GENERATE_INFOPLIST_FILE = YES;
				INFOPLIST_FILE = RecipesAppTeamPlate/Info.plist;
				INFOPLIST_KEY_UIApplicationSupportsIndirectInputEvents = YES;
				INFOPLIST_KEY_UILaunchStoryboardName = LaunchScreen;
				INFOPLIST_KEY_UISupportedInterfaceOrientations_iPad = "UIInterfaceOrientationPortrait UIInterfaceOrientationPortraitUpsideDown UIInterfaceOrientationLandscapeLeft UIInterfaceOrientationLandscapeRight";
				INFOPLIST_KEY_UISupportedInterfaceOrientations_iPhone = "UIInterfaceOrientationPortrait UIInterfaceOrientationLandscapeLeft UIInterfaceOrientationLandscapeRight";
				LD_RUNPATH_SEARCH_PATHS = (
					"$(inherited)",
					"@executable_path/Frameworks",
				);
				MARKETING_VERSION = 1.0;
				PRODUCT_BUNDLE_IDENTIFIER = IvanTulin.RecipesAppTeamPlate;
				PRODUCT_NAME = "$(TARGET_NAME)";
				SWIFT_EMIT_LOC_STRINGS = YES;
				SWIFT_VERSION = 5.0;
				TARGETED_DEVICE_FAMILY = "1,2";
			};
			name = Debug;
		};
		BA5D54E32B8CC989000F1BEE /* Release */ = {
			isa = XCBuildConfiguration;
			buildSettings = {
				ASSETCATALOG_COMPILER_APPICON_NAME = AppIcon;
				ASSETCATALOG_COMPILER_GLOBAL_ACCENT_COLOR_NAME = AccentColor;
				CODE_SIGN_STYLE = Automatic;
				CURRENT_PROJECT_VERSION = 1;
				ENABLE_USER_SCRIPT_SANDBOXING = NO;
				GENERATE_INFOPLIST_FILE = YES;
				INFOPLIST_FILE = RecipesAppTeamPlate/Info.plist;
				INFOPLIST_KEY_UIApplicationSupportsIndirectInputEvents = YES;
				INFOPLIST_KEY_UILaunchStoryboardName = LaunchScreen;
				INFOPLIST_KEY_UISupportedInterfaceOrientations_iPad = "UIInterfaceOrientationPortrait UIInterfaceOrientationPortraitUpsideDown UIInterfaceOrientationLandscapeLeft UIInterfaceOrientationLandscapeRight";
				INFOPLIST_KEY_UISupportedInterfaceOrientations_iPhone = "UIInterfaceOrientationPortrait UIInterfaceOrientationLandscapeLeft UIInterfaceOrientationLandscapeRight";
				LD_RUNPATH_SEARCH_PATHS = (
					"$(inherited)",
					"@executable_path/Frameworks",
				);
				MARKETING_VERSION = 1.0;
				PRODUCT_BUNDLE_IDENTIFIER = IvanTulin.RecipesAppTeamPlate;
				PRODUCT_NAME = "$(TARGET_NAME)";
				SWIFT_EMIT_LOC_STRINGS = YES;
				SWIFT_VERSION = 5.0;
				TARGETED_DEVICE_FAMILY = "1,2";
			};
			name = Release;
		};
/* End XCBuildConfiguration section */

/* Begin XCConfigurationList section */
		BA5D54C82B8CC987000F1BEE /* Build configuration list for PBXProject "RecipesAppTeamPlate" */ = {
			isa = XCConfigurationList;
			buildConfigurations = (
				BA5D54DF2B8CC989000F1BEE /* Debug */,
				BA5D54E02B8CC989000F1BEE /* Release */,
			);
			defaultConfigurationIsVisible = 0;
			defaultConfigurationName = Release;
		};
		BA5D54E12B8CC989000F1BEE /* Build configuration list for PBXNativeTarget "RecipesAppTeamPlate" */ = {
			isa = XCConfigurationList;
			buildConfigurations = (
				BA5D54E22B8CC989000F1BEE /* Debug */,
				BA5D54E32B8CC989000F1BEE /* Release */,
			);
			defaultConfigurationIsVisible = 0;
			defaultConfigurationName = Release;
		};
/* End XCConfigurationList section */
	};
	rootObject = BA5D54C52B8CC987000F1BEE /* Project object */;
}
